
Microsoft Visual Studio Solution File, Format Version 12.00
# Visual Studio Version 17
VisualStudioVersion = 17.9.34723.18
MinimumVisualStudioVersion = 10.0.40219.1
Project("{FAE04EC0-301F-11D3-BF4B-00C04F79EFBC}") = "unity-csv-importer", "unity-csv-importer\unity-csv-importer.csproj", "{A1CF2BDF-F6FA-462B-991B-CF4292F8ADF3}"
EndProject
Global
	GlobalSection(SolutionConfigurationPlatforms) = preSolution
		Debug|Any CPU = Debug|Any CPU
		Release|Any CPU = Release|Any CPU
	EndGlobalSection
	GlobalSection(ProjectConfigurationPlatforms) = postSolution
		{A1CF2BDF-F6FA-462B-991B-CF4292F8ADF3}.Debug|Any CPU.ActiveCfg = Debug|Any CPU
		{A1CF2BDF-F6FA-462B-991B-CF4292F8ADF3}.Debug|Any CPU.Build.0 = Debug|Any CPU
		{A1CF2BDF-F6FA-462B-991B-CF4292F8ADF3}.Release|Any CPU.ActiveCfg = Release|Any CPU
		{A1CF2BDF-F6FA-462B-991B-CF4292F8ADF3}.Release|Any CPU.Build.0 = Release|Any CPU
	EndGlobalSection
	GlobalSection(SolutionProperties) = preSolution
		HideSolutionNode = FALSE
	EndGlobalSection
	GlobalSection(ExtensibilityGlobals) = postSolution
		SolutionGuid = {793CA035-D801-42D8-A4BB-F57A312C1C60}
	EndGlobalSection
EndGlobal
